
Microsoft Visual Studio Solution File, Format Version 12.00
# Visual Studio Version 17
VisualStudioVersion = 17.5.002.0
MinimumVisualStudioVersion = 10.0.40219.1
Project("{2150E333-8FDC-42A3-9474-1A3956D46DE8}") = "Practice-6", "Practice-6", "{BD7EDE8D-B1DD-4CC9-93B1-2888BD66AFC8}"
EndProject
Project("{9A19103F-16F7-4668-BE54-9A1E7A4F7556}") = "RazorPagesApp", "Practice-6\RazorPagesApp\RazorPagesApp.csproj", "{B3B84B87-0017-41B7-980F-D3D48524A281}"
EndProject
Global
	GlobalSection(SolutionConfigurationPlatforms) = preSolution
		Debug|Any CPU = Debug|Any CPU
		Release|Any CPU = Release|Any CPU
	EndGlobalSection
	GlobalSection(ProjectConfigurationPlatforms) = postSolution
		{B3B84B87-0017-41B7-980F-D3D48524A281}.Debug|Any CPU.ActiveCfg = Debug|Any CPU
		{B3B84B87-0017-41B7-980F-D3D48524A281}.Debug|Any CPU.Build.0 = Debug|Any CPU
		{B3B84B87-0017-41B7-980F-D3D48524A281}.Release|Any CPU.ActiveCfg = Release|Any CPU
		{B3B84B87-0017-41B7-980F-D3D48524A281}.Release|Any CPU.Build.0 = Release|Any CPU
	EndGlobalSection
	GlobalSection(SolutionProperties) = preSolution
		HideSolutionNode = FALSE
	EndGlobalSection
	GlobalSection(NestedProjects) = preSolution
		{B3B84B87-0017-41B7-980F-D3D48524A281} = {BD7EDE8D-B1DD-4CC9-93B1-2888BD66AFC8}
	EndGlobalSection
	GlobalSection(ExtensibilityGlobals) = postSolution
		SolutionGuid = {F2D08EF5-B899-480D-92BD-045EA664E0AB}
	EndGlobalSection
EndGlobal
